
Microsoft Visual Studio Solution File, Format Version 12.00
# Visual Studio 2012
Project("{FAE04EC0-301F-11D3-BF4B-00C04F79EFBC}") = "WebCola", "WebCola\WebCola.csproj", "{7405821A-5F65-42B8-B038-91A96C369847}"
EndProject
Global
	GlobalSection(TeamFoundationVersionControl) = preSolution
		SccNumberOfProjects = 2
		SccEnterpriseProvider = {4CA58AB2-18FA-4F8D-95D4-32DDF27D184C}
		SccTeamFoundationServer = https://tfs.codeplex.com/tfs/tfs35
		SccLocalPath0 = .
		SccProjectUniqueName1 = WebCola\\WebCola.csproj
		SccProjectName1 = WebCola
		SccLocalPath1 = WebCola
	EndGlobalSection
	GlobalSection(SolutionConfigurationPlatforms) = preSolution
		Debug|Any CPU = Debug|Any CPU
		Release|Any CPU = Release|Any CPU
	EndGlobalSection
	GlobalSection(ProjectConfigurationPlatforms) = postSolution
		{7405821A-5F65-42B8-B038-91A96C369847}.Debug|Any CPU.ActiveCfg = Debug|Any CPU
		{7405821A-5F65-42B8-B038-91A96C369847}.Debug|Any CPU.Build.0 = Debug|Any CPU
		{7405821A-5F65-42B8-B038-91A96C369847}.Release|Any CPU.ActiveCfg = Release|Any CPU
		{7405821A-5F65-42B8-B038-91A96C369847}.Release|Any CPU.Build.0 = Release|Any CPU
	EndGlobalSection
	GlobalSection(SolutionProperties) = preSolution
		HideSolutionNode = FALSE
	EndGlobalSection
EndGlobal
